
Microsoft Visual Studio Solution File, Format Version 11.00
# Visual Studio 2010
Project("{FAE04EC0-301F-11D3-BF4B-00C04F79EFBC}") = "Assembly-CSharp", "Assembly-CSharp.csproj", "{1F751779-DD04-9FF4-B967-6D669A13AE13}"
EndProject
Project("{FAE04EC0-301F-11D3-BF4B-00C04F79EFBC}") = "Assembly-CSharp-Editor", "Assembly-CSharp-Editor.csproj", "{09A6B6B2-B346-236F-A187-1F2A8A795238}"
EndProject
Global
	GlobalSection(SolutionConfigurationPlatforms) = preSolution
		Debug|Any CPU = Debug|Any CPU
		Release|Any CPU = Release|Any CPU
	EndGlobalSection
	GlobalSection(ProjectConfigurationPlatforms) = postSolution
		{1F751779-DD04-9FF4-B967-6D669A13AE13}.Debug|Any CPU.ActiveCfg = Debug|Any CPU
		{1F751779-DD04-9FF4-B967-6D669A13AE13}.Debug|Any CPU.Build.0 = Debug|Any CPU
		{1F751779-DD04-9FF4-B967-6D669A13AE13}.Release|Any CPU.ActiveCfg = Release|Any CPU
		{1F751779-DD04-9FF4-B967-6D669A13AE13}.Release|Any CPU.Build.0 = Release|Any CPU
		{09A6B6B2-B346-236F-A187-1F2A8A795238}.Debug|Any CPU.ActiveCfg = Debug|Any CPU
		{09A6B6B2-B346-236F-A187-1F2A8A795238}.Debug|Any CPU.Build.0 = Debug|Any CPU
		{09A6B6B2-B346-236F-A187-1F2A8A795238}.Release|Any CPU.ActiveCfg = Release|Any CPU
		{09A6B6B2-B346-236F-A187-1F2A8A795238}.Release|Any CPU.Build.0 = Release|Any CPU
	EndGlobalSection
	GlobalSection(SolutionProperties) = preSolution
		HideSolutionNode = FALSE
	EndGlobalSection
EndGlobal
